// !$*UTF8*$!
{
	archiveVersion = 1;
	classes = {
	};
	objectVersion = 50;
	objects = {

/* Begin PBXBuildFile section */
		1B37CD5D94DC9C84E09194DA /* Pods_app_smack.framework in Frameworks */ = {isa = PBXBuildFile; fileRef = EACB2DC201533A05E40B987B /* Pods_app_smack.framework */; };
		D431207321ECA6E600AAE56F /* AppDelegate.swift in Sources */ = {isa = PBXBuildFile; fileRef = D431207221ECA6E600AAE56F /* AppDelegate.swift */; };
		D431207821ECA6E600AAE56F /* Main.storyboard in Resources */ = {isa = PBXBuildFile; fileRef = D431207621ECA6E600AAE56F /* Main.storyboard */; };
		D431207A21ECA6E700AAE56F /* Assets.xcassets in Resources */ = {isa = PBXBuildFile; fileRef = D431207921ECA6E700AAE56F /* Assets.xcassets */; };
		D431207D21ECA6E700AAE56F /* LaunchScreen.storyboard in Resources */ = {isa = PBXBuildFile; fileRef = D431207B21ECA6E700AAE56F /* LaunchScreen.storyboard */; };
		D44167CF21F0855400CD1A96 /* GradientView.swift in Sources */ = {isa = PBXBuildFile; fileRef = D44167CE21F0855400CD1A96 /* GradientView.swift */; };
		D44167D221F08C3D00CD1A96 /* Constants.swift in Sources */ = {isa = PBXBuildFile; fileRef = D44167D121F08C3D00CD1A96 /* Constants.swift */; };
		D44167D421F08F4900CD1A96 /* LoginVC.swift in Sources */ = {isa = PBXBuildFile; fileRef = D44167D321F08F4900CD1A96 /* LoginVC.swift */; };
		D44167D621F0907D00CD1A96 /* CreateAccountVC.swift in Sources */ = {isa = PBXBuildFile; fileRef = D44167D521F0907D00CD1A96 /* CreateAccountVC.swift */; };
		D44167D921F09CF200CD1A96 /* AuthService.swift in Sources */ = {isa = PBXBuildFile; fileRef = D44167D821F09CF200CD1A96 /* AuthService.swift */; };
		D44167DB21F0A4E500CD1A96 /* RoundedButton.swift in Sources */ = {isa = PBXBuildFile; fileRef = D44167DA21F0A4E500CD1A96 /* RoundedButton.swift */; };
		D44167DD21F16BFC00CD1A96 /* UserDataService.swift in Sources */ = {isa = PBXBuildFile; fileRef = D44167DC21F16BFC00CD1A96 /* UserDataService.swift */; };
		D496CC1D21ECDBB2009F7E7B /* ChatVC.swift in Sources */ = {isa = PBXBuildFile; fileRef = D496CC1C21ECDBB2009F7E7B /* ChatVC.swift */; };
		D496CC1F21ECDBC7009F7E7B /* ChannelVC.swift in Sources */ = {isa = PBXBuildFile; fileRef = D496CC1E21ECDBC7009F7E7B /* ChannelVC.swift */; };
		D4D585D221ECABAF00086504 /* SWRevealViewController.m in Sources */ = {isa = PBXBuildFile; fileRef = D4D585D021ECABAE00086504 /* SWRevealViewController.m */; };
/* End PBXBuildFile section */

/* Begin PBXFileReference section */
		2BBC9DF5EABADF2CFCBC9B49 /* Pods-app-smack.debug.xcconfig */ = {isa = PBXFileReference; includeInIndex = 1; lastKnownFileType = text.xcconfig; name = "Pods-app-smack.debug.xcconfig"; path = "Pods/Target Support Files/Pods-app-smack/Pods-app-smack.debug.xcconfig"; sourceTree = "<group>"; };
		2CBFD91BDA8522BB0F4CCFDB /* Pods-app-smack.release.xcconfig */ = {isa = PBXFileReference; includeInIndex = 1; lastKnownFileType = text.xcconfig; name = "Pods-app-smack.release.xcconfig"; path = "Pods/Target Support Files/Pods-app-smack/Pods-app-smack.release.xcconfig"; sourceTree = "<group>"; };
		D431206F21ECA6E600AAE56F /* app-smack.app */ = {isa = PBXFileReference; explicitFileType = wrapper.application; includeInIndex = 0; path = "app-smack.app"; sourceTree = BUILT_PRODUCTS_DIR; };
		D431207221ECA6E600AAE56F /* AppDelegate.swift */ = {isa = PBXFileReference; lastKnownFileType = sourcecode.swift; path = AppDelegate.swift; sourceTree = "<group>"; };
		D431207721ECA6E600AAE56F /* Base */ = {isa = PBXFileReference; lastKnownFileType = file.storyboard; name = Base; path = Base.lproj/Main.storyboard; sourceTree = "<group>"; };
		D431207921ECA6E700AAE56F /* Assets.xcassets */ = {isa = PBXFileReference; lastKnownFileType = folder.assetcatalog; path = Assets.xcassets; sourceTree = "<group>"; };
		D431207C21ECA6E700AAE56F /* Base */ = {isa = PBXFileReference; lastKnownFileType = file.storyboard; name = Base; path = Base.lproj/LaunchScreen.storyboard; sourceTree = "<group>"; };
		D431207E21ECA6E700AAE56F /* Info.plist */ = {isa = PBXFileReference; lastKnownFileType = text.plist.xml; path = Info.plist; sourceTree = "<group>"; };
		D44167CE21F0855400CD1A96 /* GradientView.swift */ = {isa = PBXFileReference; lastKnownFileType = sourcecode.swift; path = GradientView.swift; sourceTree = "<group>"; };
		D44167D121F08C3D00CD1A96 /* Constants.swift */ = {isa = PBXFileReference; lastKnownFileType = sourcecode.swift; path = Constants.swift; sourceTree = "<group>"; };
		D44167D321F08F4900CD1A96 /* LoginVC.swift */ = {isa = PBXFileReference; lastKnownFileType = sourcecode.swift; path = LoginVC.swift; sourceTree = "<group>"; };
		D44167D521F0907D00CD1A96 /* CreateAccountVC.swift */ = {isa = PBXFileReference; lastKnownFileType = sourcecode.swift; path = CreateAccountVC.swift; sourceTree = "<group>"; };
		D44167D821F09CF200CD1A96 /* AuthService.swift */ = {isa = PBXFileReference; lastKnownFileType = sourcecode.swift; path = AuthService.swift; sourceTree = "<group>"; };
		D44167DA21F0A4E500CD1A96 /* RoundedButton.swift */ = {isa = PBXFileReference; lastKnownFileType = sourcecode.swift; path = RoundedButton.swift; sourceTree = "<group>"; };
		D44167DC21F16BFC00CD1A96 /* UserDataService.swift */ = {isa = PBXFileReference; lastKnownFileType = sourcecode.swift; path = UserDataService.swift; sourceTree = "<group>"; };
		D496CC1C21ECDBB2009F7E7B /* ChatVC.swift */ = {isa = PBXFileReference; lastKnownFileType = sourcecode.swift; path = ChatVC.swift; sourceTree = "<group>"; };
		D496CC1E21ECDBC7009F7E7B /* ChannelVC.swift */ = {isa = PBXFileReference; lastKnownFileType = sourcecode.swift; path = ChannelVC.swift; sourceTree = "<group>"; };
		D4D585CF21ECABAE00086504 /* app-smack-Bridging-Header.h */ = {isa = PBXFileReference; lastKnownFileType = sourcecode.c.h; path = "app-smack-Bridging-Header.h"; sourceTree = "<group>"; };
		D4D585D021ECABAE00086504 /* SWRevealViewController.m */ = {isa = PBXFileReference; fileEncoding = 4; lastKnownFileType = sourcecode.c.objc; path = SWRevealViewController.m; sourceTree = "<group>"; };
		D4D585D121ECABAF00086504 /* SWRevealViewController.h */ = {isa = PBXFileReference; fileEncoding = 4; lastKnownFileType = sourcecode.c.h; path = SWRevealViewController.h; sourceTree = "<group>"; };
		EACB2DC201533A05E40B987B /* Pods_app_smack.framework */ = {isa = PBXFileReference; explicitFileType = wrapper.framework; includeInIndex = 0; path = Pods_app_smack.framework; sourceTree = BUILT_PRODUCTS_DIR; };
/* End PBXFileReference section */

/* Begin PBXFrameworksBuildPhase section */
		D431206C21ECA6E600AAE56F /* Frameworks */ = {
			isa = PBXFrameworksBuildPhase;
			buildActionMask = 2147483647;
			files = (
				1B37CD5D94DC9C84E09194DA /* Pods_app_smack.framework in Frameworks */,
			);
			runOnlyForDeploymentPostprocessing = 0;
		};
/* End PBXFrameworksBuildPhase section */

/* Begin PBXGroup section */
		597225127612A1D83308DD60 /* Frameworks */ = {
			isa = PBXGroup;
			children = (
				EACB2DC201533A05E40B987B /* Pods_app_smack.framework */,
			);
			name = Frameworks;
			sourceTree = "<group>";
		};
		5DAB1B4B6BACD71BCF177631 /* Pods */ = {
			isa = PBXGroup;
			children = (
				2BBC9DF5EABADF2CFCBC9B49 /* Pods-app-smack.debug.xcconfig */,
				2CBFD91BDA8522BB0F4CCFDB /* Pods-app-smack.release.xcconfig */,
			);
			name = Pods;
			sourceTree = "<group>";
		};
		D431206621ECA6E600AAE56F = {
			isa = PBXGroup;
			children = (
				D431207121ECA6E600AAE56F /* app-smack */,
				D431207021ECA6E600AAE56F /* Products */,
				5DAB1B4B6BACD71BCF177631 /* Pods */,
				597225127612A1D83308DD60 /* Frameworks */,
			);
			sourceTree = "<group>";
		};
		D431207021ECA6E600AAE56F /* Products */ = {
			isa = PBXGroup;
			children = (
				D431206F21ECA6E600AAE56F /* app-smack.app */,
			);
			name = Products;
			sourceTree = "<group>";
		};
		D431207121ECA6E600AAE56F /* app-smack */ = {
			isa = PBXGroup;
			children = (
				D44167D721F09CDC00CD1A96 /* Services */,
				D44167D021F08C2F00CD1A96 /* Utilities */,
				D496CC1B21ECC674009F7E7B /* Model */,
				D496CC1A21ECC665009F7E7B /* View */,
				D496CC1921ECC65D009F7E7B /* Controller */,
				D4D585CE21ECAB9700086504 /* Supporting Files */,
				D431207221ECA6E600AAE56F /* AppDelegate.swift */,
				D431207621ECA6E600AAE56F /* Main.storyboard */,
				D431207921ECA6E700AAE56F /* Assets.xcassets */,
				D431207B21ECA6E700AAE56F /* LaunchScreen.storyboard */,
				D431207E21ECA6E700AAE56F /* Info.plist */,
			);
			path = "app-smack";
			sourceTree = "<group>";
		};
		D44167D021F08C2F00CD1A96 /* Utilities */ = {
			isa = PBXGroup;
			children = (
				D44167D121F08C3D00CD1A96 /* Constants.swift */,
			);
			path = Utilities;
			sourceTree = "<group>";
		};
		D44167D721F09CDC00CD1A96 /* Services */ = {
			isa = PBXGroup;
			children = (
				D44167D821F09CF200CD1A96 /* AuthService.swift */,
				D44167DC21F16BFC00CD1A96 /* UserDataService.swift */,
			);
			path = Services;
			sourceTree = "<group>";
		};
		D496CC1921ECC65D009F7E7B /* Controller */ = {
			isa = PBXGroup;
			children = (
				D496CC1C21ECDBB2009F7E7B /* ChatVC.swift */,
				D496CC1E21ECDBC7009F7E7B /* ChannelVC.swift */,
				D44167D321F08F4900CD1A96 /* LoginVC.swift */,
				D44167D521F0907D00CD1A96 /* CreateAccountVC.swift */,
			);
			path = Controller;
			sourceTree = "<group>";
		};
		D496CC1A21ECC665009F7E7B /* View */ = {
			isa = PBXGroup;
			children = (
				D44167CE21F0855400CD1A96 /* GradientView.swift */,
				D44167DA21F0A4E500CD1A96 /* RoundedButton.swift */,
			);
			path = View;
			sourceTree = "<group>";
		};
		D496CC1B21ECC674009F7E7B /* Model */ = {
			isa = PBXGroup;
			children = (
			);
			path = Model;
			sourceTree = "<group>";
		};
		D4D585CE21ECAB9700086504 /* Supporting Files */ = {
			isa = PBXGroup;
			children = (
				D4D585D121ECABAF00086504 /* SWRevealViewController.h */,
				D4D585D021ECABAE00086504 /* SWRevealViewController.m */,
				D4D585CF21ECABAE00086504 /* app-smack-Bridging-Header.h */,
			);
			path = "Supporting Files";
			sourceTree = "<group>";
		};
/* End PBXGroup section */

/* Begin PBXNativeTarget section */
		D431206E21ECA6E600AAE56F /* app-smack */ = {
			isa = PBXNativeTarget;
			buildConfigurationList = D431208121ECA6E700AAE56F /* Build configuration list for PBXNativeTarget "app-smack" */;
			buildPhases = (
				F5A61B174C24258CEAA120C4 /* [CP] Check Pods Manifest.lock */,
				D431206B21ECA6E600AAE56F /* Sources */,
				D431206C21ECA6E600AAE56F /* Frameworks */,
				D431206D21ECA6E600AAE56F /* Resources */,
				5D52F4ACBB5B32F44B43DD23 /* [CP] Embed Pods Frameworks */,
			);
			buildRules = (
			);
			dependencies = (
			);
			name = "app-smack";
			productName = "app-smack";
			productReference = D431206F21ECA6E600AAE56F /* app-smack.app */;
			productType = "com.apple.product-type.application";
		};
/* End PBXNativeTarget section */

/* Begin PBXProject section */
		D431206721ECA6E600AAE56F /* Project object */ = {
			isa = PBXProject;
			attributes = {
				LastSwiftUpdateCheck = 1010;
				LastUpgradeCheck = 1010;
				ORGANIZATIONNAME = "Cody Philipp";
				TargetAttributes = {
					D431206E21ECA6E600AAE56F = {
						CreatedOnToolsVersion = 10.1;
						LastSwiftMigration = 1010;
					};
				};
			};
			buildConfigurationList = D431206A21ECA6E600AAE56F /* Build configuration list for PBXProject "app-smack" */;
			compatibilityVersion = "Xcode 9.3";
			developmentRegion = en;
			hasScannedForEncodings = 0;
			knownRegions = (
				en,
				Base,
			);
			mainGroup = D431206621ECA6E600AAE56F;
			productRefGroup = D431207021ECA6E600AAE56F /* Products */;
			projectDirPath = "";
			projectRoot = "";
			targets = (
				D431206E21ECA6E600AAE56F /* app-smack */,
			);
		};
/* End PBXProject section */

/* Begin PBXResourcesBuildPhase section */
		D431206D21ECA6E600AAE56F /* Resources */ = {
			isa = PBXResourcesBuildPhase;
			buildActionMask = 2147483647;
			files = (
				D431207D21ECA6E700AAE56F /* LaunchScreen.storyboard in Resources */,
				D431207A21ECA6E700AAE56F /* Assets.xcassets in Resources */,
				D431207821ECA6E600AAE56F /* Main.storyboard in Resources */,
			);
			runOnlyForDeploymentPostprocessing = 0;
		};
/* End PBXResourcesBuildPhase section */

/* Begin PBXShellScriptBuildPhase section */
		5D52F4ACBB5B32F44B43DD23 /* [CP] Embed Pods Frameworks */ = {
			isa = PBXShellScriptBuildPhase;
			buildActionMask = 2147483647;
			files = (
			);
			inputPaths = (
				"${SRCROOT}/Pods/Target Support Files/Pods-app-smack/Pods-app-smack-frameworks.sh",
				"${BUILT_PRODUCTS_DIR}/Alamofire/Alamofire.framework",
				"${BUILT_PRODUCTS_DIR}/Socket.IO-Client-Swift/SocketIO.framework",
				"${BUILT_PRODUCTS_DIR}/Starscream/Starscream.framework",
				"${BUILT_PRODUCTS_DIR}/SwiftyJSON/SwiftyJSON.framework",
			);
			name = "[CP] Embed Pods Frameworks";
			outputPaths = (
				"${TARGET_BUILD_DIR}/${FRAMEWORKS_FOLDER_PATH}/Alamofire.framework",
				"${TARGET_BUILD_DIR}/${FRAMEWORKS_FOLDER_PATH}/SocketIO.framework",
				"${TARGET_BUILD_DIR}/${FRAMEWORKS_FOLDER_PATH}/Starscream.framework",
				"${TARGET_BUILD_DIR}/${FRAMEWORKS_FOLDER_PATH}/SwiftyJSON.framework",
			);
			runOnlyForDeploymentPostprocessing = 0;
			shellPath = /bin/sh;
			shellScript = "\"${SRCROOT}/Pods/Target Support Files/Pods-app-smack/Pods-app-smack-frameworks.sh\"\n";
			showEnvVarsInLog = 0;
		};
		F5A61B174C24258CEAA120C4 /* [CP] Check Pods Manifest.lock */ = {
			isa = PBXShellScriptBuildPhase;
			buildActionMask = 2147483647;
			files = (
			);
			inputPaths = (
				"${PODS_PODFILE_DIR_PATH}/Podfile.lock",
				"${PODS_ROOT}/Manifest.lock",
			);
			name = "[CP] Check Pods Manifest.lock";
			outputPaths = (
				"$(DERIVED_FILE_DIR)/Pods-app-smack-checkManifestLockResult.txt",
			);
			runOnlyForDeploymentPostprocessing = 0;
			shellPath = /bin/sh;
			shellScript = "diff \"${PODS_PODFILE_DIR_PATH}/Podfile.lock\" \"${PODS_ROOT}/Manifest.lock\" > /dev/null\nif [ $? != 0 ] ; then\n    # print error to STDERR\n    echo \"error: The sandbox is not in sync with the Podfile.lock. Run 'pod install' or update your CocoaPods installation.\" >&2\n    exit 1\nfi\n# This output is used by Xcode 'outputs' to avoid re-running this script phase.\necho \"SUCCESS\" > \"${SCRIPT_OUTPUT_FILE_0}\"\n";
			showEnvVarsInLog = 0;
		};
/* End PBXShellScriptBuildPhase section */

/* Begin PBXSourcesBuildPhase section */
		D431206B21ECA6E600AAE56F /* Sources */ = {
			isa = PBXSourcesBuildPhase;
			buildActionMask = 2147483647;
			files = (
				D496CC1F21ECDBC7009F7E7B /* ChannelVC.swift in Sources */,
				D44167DB21F0A4E500CD1A96 /* RoundedButton.swift in Sources */,
				D496CC1D21ECDBB2009F7E7B /* ChatVC.swift in Sources */,
				D44167DD21F16BFC00CD1A96 /* UserDataService.swift in Sources */,
				D44167D621F0907D00CD1A96 /* CreateAccountVC.swift in Sources */,
				D44167D921F09CF200CD1A96 /* AuthService.swift in Sources */,
				D44167D421F08F4900CD1A96 /* LoginVC.swift in Sources */,
				D44167CF21F0855400CD1A96 /* GradientView.swift in Sources */,
				D431207321ECA6E600AAE56F /* AppDelegate.swift in Sources */,
				D4D585D221ECABAF00086504 /* SWRevealViewController.m in Sources */,
				D44167D221F08C3D00CD1A96 /* Constants.swift in Sources */,
			);
			runOnlyForDeploymentPostprocessing = 0;
		};
/* End PBXSourcesBuildPhase section */

/* Begin PBXVariantGroup section */
		D431207621ECA6E600AAE56F /* Main.storyboard */ = {
			isa = PBXVariantGroup;
			children = (
				D431207721ECA6E600AAE56F /* Base */,
			);
			name = Main.storyboard;
			sourceTree = "<group>";
		};
		D431207B21ECA6E700AAE56F /* LaunchScreen.storyboard */ = {
			isa = PBXVariantGroup;
			children = (
				D431207C21ECA6E700AAE56F /* Base */,
			);
			name = LaunchScreen.storyboard;
			sourceTree = "<group>";
		};
/* End PBXVariantGroup section */

/* Begin XCBuildConfiguration section */
		D431207F21ECA6E700AAE56F /* Debug */ = {
			isa = XCBuildConfiguration;
			buildSettings = {
				ALWAYS_SEARCH_USER_PATHS = NO;
				CLANG_ANALYZER_NONNULL = YES;
				CLANG_ANALYZER_NUMBER_OBJECT_CONVERSION = YES_AGGRESSIVE;
				CLANG_CXX_LANGUAGE_STANDARD = "gnu++14";
				CLANG_CXX_LIBRARY = "libc++";
				CLANG_ENABLE_MODULES = YES;
				CLANG_ENABLE_OBJC_ARC = YES;
				CLANG_ENABLE_OBJC_WEAK = YES;
				CLANG_WARN_BLOCK_CAPTURE_AUTORELEASING = YES;
				CLANG_WARN_BOOL_CONVERSION = YES;
				CLANG_WARN_COMMA = YES;
				CLANG_WARN_CONSTANT_CONVERSION = YES;
				CLANG_WARN_DEPRECATED_OBJC_IMPLEMENTATIONS = YES;
				CLANG_WARN_DIRECT_OBJC_ISA_USAGE = YES_ERROR;
				CLANG_WARN_DOCUMENTATION_COMMENTS = YES;
				CLANG_WARN_EMPTY_BODY = YES;
				CLANG_WARN_ENUM_CONVERSION = YES;
				CLANG_WARN_INFINITE_RECURSION = YES;
				CLANG_WARN_INT_CONVERSION = YES;
				CLANG_WARN_NON_LITERAL_NULL_CONVERSION = YES;
				CLANG_WARN_OBJC_IMPLICIT_RETAIN_SELF = YES;
				CLANG_WARN_OBJC_LITERAL_CONVERSION = YES;
				CLANG_WARN_OBJC_ROOT_CLASS = YES_ERROR;
				CLANG_WARN_RANGE_LOOP_ANALYSIS = YES;
				CLANG_WARN_STRICT_PROTOTYPES = YES;
				CLANG_WARN_SUSPICIOUS_MOVE = YES;
				CLANG_WARN_UNGUARDED_AVAILABILITY = YES_AGGRESSIVE;
				CLANG_WARN_UNREACHABLE_CODE = YES;
				CLANG_WARN__DUPLICATE_METHOD_MATCH = YES;
				CODE_SIGN_IDENTITY = "iPhone Developer";
				COPY_PHASE_STRIP = NO;
				DEBUG_INFORMATION_FORMAT = dwarf;
				ENABLE_STRICT_OBJC_MSGSEND = YES;
				ENABLE_TESTABILITY = YES;
				GCC_C_LANGUAGE_STANDARD = gnu11;
				GCC_DYNAMIC_NO_PIC = NO;
				GCC_NO_COMMON_BLOCKS = YES;
				GCC_OPTIMIZATION_LEVEL = 0;
				GCC_PREPROCESSOR_DEFINITIONS = (
					"DEBUG=1",
					"$(inherited)",
				);
				GCC_WARN_64_TO_32_BIT_CONVERSION = YES;
				GCC_WARN_ABOUT_RETURN_TYPE = YES_ERROR;
				GCC_WARN_UNDECLARED_SELECTOR = YES;
				GCC_WARN_UNINITIALIZED_AUTOS = YES_AGGRESSIVE;
				GCC_WARN_UNUSED_FUNCTION = YES;
				GCC_WARN_UNUSED_VARIABLE = YES;
				IPHONEOS_DEPLOYMENT_TARGET = 12.1;
				MTL_ENABLE_DEBUG_INFO = INCLUDE_SOURCE;
				MTL_FAST_MATH = YES;
				ONLY_ACTIVE_ARCH = YES;
				SDKROOT = iphoneos;
				SWIFT_ACTIVE_COMPILATION_CONDITIONS = DEBUG;
				SWIFT_OPTIMIZATION_LEVEL = "-Onone";
			};
			name = Debug;
		};
		D431208021ECA6E700AAE56F /* Release */ = {
			isa = XCBuildConfiguration;
			buildSettings = {
				ALWAYS_SEARCH_USER_PATHS = NO;
				CLANG_ANALYZER_NONNULL = YES;
				CLANG_ANALYZER_NUMBER_OBJECT_CONVERSION = YES_AGGRESSIVE;
				CLANG_CXX_LANGUAGE_STANDARD = "gnu++14";
				CLANG_CXX_LIBRARY = "libc++";
				CLANG_ENABLE_MODULES = YES;
				CLANG_ENABLE_OBJC_ARC = YES;
				CLANG_ENABLE_OBJC_WEAK = YES;
				CLANG_WARN_BLOCK_CAPTURE_AUTORELEASING = YES;
				CLANG_WARN_BOOL_CONVERSION = YES;
				CLANG_WARN_COMMA = YES;
				CLANG_WARN_CONSTANT_CONVERSION = YES;
				CLANG_WARN_DEPRECATED_OBJC_IMPLEMENTATIONS = YES;
				CLANG_WARN_DIRECT_OBJC_ISA_USAGE = YES_ERROR;
				CLANG_WARN_DOCUMENTATION_COMMENTS = YES;
				CLANG_WARN_EMPTY_BODY = YES;
				CLANG_WARN_ENUM_CONVERSION = YES;
				CLANG_WARN_INFINITE_RECURSION = YES;
				CLANG_WARN_INT_CONVERSION = YES;
				CLANG_WARN_NON_LITERAL_NULL_CONVERSION = YES;
				CLANG_WARN_OBJC_IMPLICIT_RETAIN_SELF = YES;
				CLANG_WARN_OBJC_LITERAL_CONVERSION = YES;
				CLANG_WARN_OBJC_ROOT_CLASS = YES_ERROR;
				CLANG_WARN_RANGE_LOOP_ANALYSIS = YES;
				CLANG_WARN_STRICT_PROTOTYPES = YES;
				CLANG_WARN_SUSPICIOUS_MOVE = YES;
				CLANG_WARN_UNGUARDED_AVAILABILITY = YES_AGGRESSIVE;
				CLANG_WARN_UNREACHABLE_CODE = YES;
				CLANG_WARN__DUPLICATE_METHOD_MATCH = YES;
				CODE_SIGN_IDENTITY = "iPhone Developer";
				COPY_PHASE_STRIP = NO;
				DEBUG_INFORMATION_FORMAT = "dwarf-with-dsym";
				ENABLE_NS_ASSERTIONS = NO;
				ENABLE_STRICT_OBJC_MSGSEND = YES;
				GCC_C_LANGUAGE_STANDARD = gnu11;
				GCC_NO_COMMON_BLOCKS = YES;
				GCC_WARN_64_TO_32_BIT_CONVERSION = YES;
				GCC_WARN_ABOUT_RETURN_TYPE = YES_ERROR;
				GCC_WARN_UNDECLARED_SELECTOR = YES;
				GCC_WARN_UNINITIALIZED_AUTOS = YES_AGGRESSIVE;
				GCC_WARN_UNUSED_FUNCTION = YES;
				GCC_WARN_UNUSED_VARIABLE = YES;
				IPHONEOS_DEPLOYMENT_TARGET = 12.1;
				MTL_ENABLE_DEBUG_INFO = NO;
				MTL_FAST_MATH = YES;
				SDKROOT = iphoneos;
				SWIFT_COMPILATION_MODE = wholemodule;
				SWIFT_OPTIMIZATION_LEVEL = "-O";
				VALIDATE_PRODUCT = YES;
			};
			name = Release;
		};
		D431208221ECA6E700AAE56F /* Debug */ = {
			isa = XCBuildConfiguration;
			baseConfigurationReference = 2BBC9DF5EABADF2CFCBC9B49 /* Pods-app-smack.debug.xcconfig */;
			buildSettings = {
				ASSETCATALOG_COMPILER_APPICON_NAME = AppIcon;
				CLANG_ENABLE_MODULES = YES;
				CODE_SIGN_STYLE = Automatic;
				DEVELOPMENT_TEAM = L8KYB6SDYC;
				INFOPLIST_FILE = "app-smack/Info.plist";
				LD_RUNPATH_SEARCH_PATHS = (
					"$(inherited)",
					"@executable_path/Frameworks",
				);
				PRODUCT_BUNDLE_IDENTIFIER = "com.codyp.app-smack";
				PRODUCT_NAME = "$(TARGET_NAME)";
				SWIFT_OBJC_BRIDGING_HEADER = "app-smack/Supporting Files/app-smack-Bridging-Header.h";
				SWIFT_OPTIMIZATION_LEVEL = "-Onone";
				SWIFT_VERSION = 4.2;
				TARGETED_DEVICE_FAMILY = "1,2";
			};
			name = Debug;
		};
		D431208321ECA6E700AAE56F /* Release */ = {
			isa = XCBuildConfiguration;
			baseConfigurationReference = 2CBFD91BDA8522BB0F4CCFDB /* Pods-app-smack.release.xcconfig */;
			buildSettings = {
				ASSETCATALOG_COMPILER_APPICON_NAME = AppIcon;
				CLANG_ENABLE_MODULES = YES;
				CODE_SIGN_STYLE = Automatic;
				DEVELOPMENT_TEAM = L8KYB6SDYC;
				INFOPLIST_FILE = "app-smack/Info.plist";
				LD_RUNPATH_SEARCH_PATHS = (
					"$(inherited)",
					"@executable_path/Frameworks",
				);
				PRODUCT_BUNDLE_IDENTIFIER = "com.codyp.app-smack";
				PRODUCT_NAME = "$(TARGET_NAME)";
				SWIFT_OBJC_BRIDGING_HEADER = "app-smack/Supporting Files/app-smack-Bridging-Header.h";
				SWIFT_VERSION = 4.2;
				TARGETED_DEVICE_FAMILY = "1,2";
			};
			name = Release;
		};
/* End XCBuildConfiguration section */

/* Begin XCConfigurationList section */
		D431206A21ECA6E600AAE56F /* Build configuration list for PBXProject "app-smack" */ = {
			isa = XCConfigurationList;
			buildConfigurations = (
				D431207F21ECA6E700AAE56F /* Debug */,
				D431208021ECA6E700AAE56F /* Release */,
			);
			defaultConfigurationIsVisible = 0;
			defaultConfigurationName = Release;
		};
		D431208121ECA6E700AAE56F /* Build configuration list for PBXNativeTarget "app-smack" */ = {
			isa = XCConfigurationList;
			buildConfigurations = (
				D431208221ECA6E700AAE56F /* Debug */,
				D431208321ECA6E700AAE56F /* Release */,
			);
			defaultConfigurationIsVisible = 0;
			defaultConfigurationName = Release;
		};
/* End XCConfigurationList section */
	};
	rootObject = D431206721ECA6E600AAE56F /* Project object */;
}
